
Microsoft Visual Studio Solution File, Format Version 12.00
# Visual Studio Version 17
VisualStudioVersion = 17.3.32929.385
MinimumVisualStudioVersion = 10.0.40219.1
Project("{FAE04EC0-301F-11D3-BF4B-00C04F79EFBC}") = "WiredBrainCoffee.CustomersApp", "WiredBrainCoffee.CustomersApp\WiredBrainCoffee.CustomersApp.csproj", "{48BD3200-2F69-45CF-8034-F247530AC014}"
EndProject
Global
	GlobalSection(SolutionConfigurationPlatforms) = preSolution
		Debug|Any CPU = Debug|Any CPU
		Release|Any CPU = Release|Any CPU
	EndGlobalSection
	GlobalSection(ProjectConfigurationPlatforms) = postSolution
		{48BD3200-2F69-45CF-8034-F247530AC014}.Debug|Any CPU.ActiveCfg = Debug|Any CPU
		{48BD3200-2F69-45CF-8034-F247530AC014}.Debug|Any CPU.Build.0 = Debug|Any CPU
		{48BD3200-2F69-45CF-8034-F247530AC014}.Release|Any CPU.ActiveCfg = Release|Any CPU
		{48BD3200-2F69-45CF-8034-F247530AC014}.Release|Any CPU.Build.0 = Release|Any CPU
	EndGlobalSection
	GlobalSection(SolutionProperties) = preSolution
		HideSolutionNode = FALSE
	EndGlobalSection
	GlobalSection(ExtensibilityGlobals) = postSolution
		SolutionGuid = {D5405BAF-EFAD-4708-92E3-CB145D7E9302}
	EndGlobalSection
EndGlobal
